
Microsoft Visual Studio Solution File, Format Version 12.00
# Visual Studio 15
VisualStudioVersion = 15.0.26124.0
MinimumVisualStudioVersion = 15.0.26124.0
Project("{FAE04EC0-301F-11D3-BF4B-00C04F79EFBC}") = "PizzaWorld.Client", "PizzaWorld.Client\PizzaWorld.Client.csproj", "{EFD5B8D8-6AAA-4FB6-A091-5463BE301C83}"
EndProject
Project("{FAE04EC0-301F-11D3-BF4B-00C04F79EFBC}") = "PizzaWorld.Domain", "PizzaWorld.Domain\PizzaWorld.Domain.csproj", "{26B14729-B1F1-487F-8E57-FA19F7EF3ABD}"
EndProject
Project("{FAE04EC0-301F-11D3-BF4B-00C04F79EFBC}") = "PizzaWorld.Testing", "PizzaWorld.Testing\PizzaWorld.Testing.csproj", "{CE4AD641-0226-48CA-BACC-7A64793B897B}"
EndProject
Project("{FAE04EC0-301F-11D3-BF4B-00C04F79EFBC}") = "PizzaWorld.Storing", "PizzaWorld.Storing\PizzaWorld.Storing.csproj", "{05711A7E-36EA-487F-8EA4-789FFBAB365A}"
EndProject
Global
	GlobalSection(SolutionConfigurationPlatforms) = preSolution
		Debug|Any CPU = Debug|Any CPU
		Debug|x64 = Debug|x64
		Debug|x86 = Debug|x86
		Release|Any CPU = Release|Any CPU
		Release|x64 = Release|x64
		Release|x86 = Release|x86
	EndGlobalSection
	GlobalSection(SolutionProperties) = preSolution
		HideSolutionNode = FALSE
	EndGlobalSection
	GlobalSection(ProjectConfigurationPlatforms) = postSolution
		{EFD5B8D8-6AAA-4FB6-A091-5463BE301C83}.Debug|Any CPU.ActiveCfg = Debug|Any CPU
		{EFD5B8D8-6AAA-4FB6-A091-5463BE301C83}.Debug|Any CPU.Build.0 = Debug|Any CPU
		{EFD5B8D8-6AAA-4FB6-A091-5463BE301C83}.Debug|x64.ActiveCfg = Debug|Any CPU
		{EFD5B8D8-6AAA-4FB6-A091-5463BE301C83}.Debug|x64.Build.0 = Debug|Any CPU
		{EFD5B8D8-6AAA-4FB6-A091-5463BE301C83}.Debug|x86.ActiveCfg = Debug|Any CPU
		{EFD5B8D8-6AAA-4FB6-A091-5463BE301C83}.Debug|x86.Build.0 = Debug|Any CPU
		{EFD5B8D8-6AAA-4FB6-A091-5463BE301C83}.Release|Any CPU.ActiveCfg = Release|Any CPU
		{EFD5B8D8-6AAA-4FB6-A091-5463BE301C83}.Release|Any CPU.Build.0 = Release|Any CPU
		{EFD5B8D8-6AAA-4FB6-A091-5463BE301C83}.Release|x64.ActiveCfg = Release|Any CPU
		{EFD5B8D8-6AAA-4FB6-A091-5463BE301C83}.Release|x64.Build.0 = Release|Any CPU
		{EFD5B8D8-6AAA-4FB6-A091-5463BE301C83}.Release|x86.ActiveCfg = Release|Any CPU
		{EFD5B8D8-6AAA-4FB6-A091-5463BE301C83}.Release|x86.Build.0 = Release|Any CPU
		{26B14729-B1F1-487F-8E57-FA19F7EF3ABD}.Debug|Any CPU.ActiveCfg = Debug|Any CPU
		{26B14729-B1F1-487F-8E57-FA19F7EF3ABD}.Debug|Any CPU.Build.0 = Debug|Any CPU
		{26B14729-B1F1-487F-8E57-FA19F7EF3ABD}.Debug|x64.ActiveCfg = Debug|Any CPU
		{26B14729-B1F1-487F-8E57-FA19F7EF3ABD}.Debug|x64.Build.0 = Debug|Any CPU
		{26B14729-B1F1-487F-8E57-FA19F7EF3ABD}.Debug|x86.ActiveCfg = Debug|Any CPU
		{26B14729-B1F1-487F-8E57-FA19F7EF3ABD}.Debug|x86.Build.0 = Debug|Any CPU
		{26B14729-B1F1-487F-8E57-FA19F7EF3ABD}.Release|Any CPU.ActiveCfg = Release|Any CPU
		{26B14729-B1F1-487F-8E57-FA19F7EF3ABD}.Release|Any CPU.Build.0 = Release|Any CPU
		{26B14729-B1F1-487F-8E57-FA19F7EF3ABD}.Release|x64.ActiveCfg = Release|Any CPU
		{26B14729-B1F1-487F-8E57-FA19F7EF3ABD}.Release|x64.Build.0 = Release|Any CPU
		{26B14729-B1F1-487F-8E57-FA19F7EF3ABD}.Release|x86.ActiveCfg = Release|Any CPU
		{26B14729-B1F1-487F-8E57-FA19F7EF3ABD}.Release|x86.Build.0 = Release|Any CPU
		{CE4AD641-0226-48CA-BACC-7A64793B897B}.Debug|Any CPU.ActiveCfg = Debug|Any CPU
		{CE4AD641-0226-48CA-BACC-7A64793B897B}.Debug|Any CPU.Build.0 = Debug|Any CPU
		{CE4AD641-0226-48CA-BACC-7A64793B897B}.Debug|x64.ActiveCfg = Debug|Any CPU
		{CE4AD641-0226-48CA-BACC-7A64793B897B}.Debug|x64.Build.0 = Debug|Any CPU
		{CE4AD641-0226-48CA-BACC-7A64793B897B}.Debug|x86.ActiveCfg = Debug|Any CPU
		{CE4AD641-0226-48CA-BACC-7A64793B897B}.Debug|x86.Build.0 = Debug|Any CPU
		{CE4AD641-0226-48CA-BACC-7A64793B897B}.Release|Any CPU.ActiveCfg = Release|Any CPU
		{CE4AD641-0226-48CA-BACC-7A64793B897B}.Release|Any CPU.Build.0 = Release|Any CPU
		{CE4AD641-0226-48CA-BACC-7A64793B897B}.Release|x64.ActiveCfg = Release|Any CPU
		{CE4AD641-0226-48CA-BACC-7A64793B897B}.Release|x64.Build.0 = Release|Any CPU
		{CE4AD641-0226-48CA-BACC-7A64793B897B}.Release|x86.ActiveCfg = Release|Any CPU
		{CE4AD641-0226-48CA-BACC-7A64793B897B}.Release|x86.Build.0 = Release|Any CPU
		{05711A7E-36EA-487F-8EA4-789FFBAB365A}.Debug|Any CPU.ActiveCfg = Debug|Any CPU
		{05711A7E-36EA-487F-8EA4-789FFBAB365A}.Debug|Any CPU.Build.0 = Debug|Any CPU
		{05711A7E-36EA-487F-8EA4-789FFBAB365A}.Debug|x64.ActiveCfg = Debug|Any CPU
		{05711A7E-36EA-487F-8EA4-789FFBAB365A}.Debug|x64.Build.0 = Debug|Any CPU
		{05711A7E-36EA-487F-8EA4-789FFBAB365A}.Debug|x86.ActiveCfg = Debug|Any CPU
		{05711A7E-36EA-487F-8EA4-789FFBAB365A}.Debug|x86.Build.0 = Debug|Any CPU
		{05711A7E-36EA-487F-8EA4-789FFBAB365A}.Release|Any CPU.ActiveCfg = Release|Any CPU
		{05711A7E-36EA-487F-8EA4-789FFBAB365A}.Release|Any CPU.Build.0 = Release|Any CPU
		{05711A7E-36EA-487F-8EA4-789FFBAB365A}.Release|x64.ActiveCfg = Release|Any CPU
		{05711A7E-36EA-487F-8EA4-789FFBAB365A}.Release|x64.Build.0 = Release|Any CPU
		{05711A7E-36EA-487F-8EA4-789FFBAB365A}.Release|x86.ActiveCfg = Release|Any CPU
		{05711A7E-36EA-487F-8EA4-789FFBAB365A}.Release|x86.Build.0 = Release|Any CPU
	EndGlobalSection
EndGlobal
